// !$*UTF8*$!
{
	archiveVersion = 1;
	classes = {
	};
	objectVersion = 50;
	objects = {

/* Begin PBXBuildFile section */
		09FD864721352FB900E43F02 /* AppDelegate.swift in Sources */ = {isa = PBXBuildFile; fileRef = 09FD864621352FB900E43F02 /* AppDelegate.swift */; };
		09FD864921352FB900E43F02 /* FirstViewController.swift in Sources */ = {isa = PBXBuildFile; fileRef = 09FD864821352FB900E43F02 /* FirstViewController.swift */; };
		09FD864B21352FB900E43F02 /* SecondViewController.swift in Sources */ = {isa = PBXBuildFile; fileRef = 09FD864A21352FB900E43F02 /* SecondViewController.swift */; };
		09FD864E21352FB900E43F02 /* Main.storyboard in Resources */ = {isa = PBXBuildFile; fileRef = 09FD864C21352FB900E43F02 /* Main.storyboard */; };
		09FD865021352FBA00E43F02 /* Assets.xcassets in Resources */ = {isa = PBXBuildFile; fileRef = 09FD864F21352FBA00E43F02 /* Assets.xcassets */; };
		09FD865321352FBA00E43F02 /* LaunchScreen.storyboard in Resources */ = {isa = PBXBuildFile; fileRef = 09FD865121352FBA00E43F02 /* LaunchScreen.storyboard */; };
		09FD865E21352FBA00E43F02 /* MyTabAppTests.swift in Sources */ = {isa = PBXBuildFile; fileRef = 09FD865D21352FBA00E43F02 /* MyTabAppTests.swift */; };
		09FD866921352FBA00E43F02 /* MyTabAppUITests.swift in Sources */ = {isa = PBXBuildFile; fileRef = 09FD866821352FBA00E43F02 /* MyTabAppUITests.swift */; };
/* End PBXBuildFile section */

/* Begin PBXContainerItemProxy section */
		09FD865A21352FBA00E43F02 /* PBXContainerItemProxy */ = {
			isa = PBXContainerItemProxy;
			containerPortal = 09FD863B21352FB900E43F02 /* Project object */;
			proxyType = 1;
			remoteGlobalIDString = 09FD864221352FB900E43F02;
			remoteInfo = MyTabApp;
		};
		09FD866521352FBA00E43F02 /* PBXContainerItemProxy */ = {
			isa = PBXContainerItemProxy;
			containerPortal = 09FD863B21352FB900E43F02 /* Project object */;
			proxyType = 1;
			remoteGlobalIDString = 09FD864221352FB900E43F02;
			remoteInfo = MyTabApp;
		};
/* End PBXContainerItemProxy section */

/* Begin PBXFileReference section */
		09FD864321352FB900E43F02 /* MyTabApp.app */ = {isa = PBXFileReference; explicitFileType = wrapper.application; includeInIndex = 0; path = MyTabApp.app; sourceTree = BUILT_PRODUCTS_DIR; };
		09FD864621352FB900E43F02 /* AppDelegate.swift */ = {isa = PBXFileReference; lastKnownFileType = sourcecode.swift; path = AppDelegate.swift; sourceTree = "<group>"; };
		09FD864821352FB900E43F02 /* FirstViewController.swift */ = {isa = PBXFileReference; lastKnownFileType = sourcecode.swift; path = FirstViewController.swift; sourceTree = "<group>"; };
		09FD864A21352FB900E43F02 /* SecondViewController.swift */ = {isa = PBXFileReference; lastKnownFileType = sourcecode.swift; path = SecondViewController.swift; sourceTree = "<group>"; };
		09FD864D21352FB900E43F02 /* Base */ = {isa = PBXFileReference; lastKnownFileType = file.storyboard; name = Base; path = Base.lproj/Main.storyboard; sourceTree = "<group>"; };
		09FD864F21352FBA00E43F02 /* Assets.xcassets */ = {isa = PBXFileReference; lastKnownFileType = folder.assetcatalog; path = Assets.xcassets; sourceTree = "<group>"; };
		09FD865221352FBA00E43F02 /* Base */ = {isa = PBXFileReference; lastKnownFileType = file.storyboard; name = Base; path = Base.lproj/LaunchScreen.storyboard; sourceTree = "<group>"; };
		09FD865421352FBA00E43F02 /* Info.plist */ = {isa = PBXFileReference; lastKnownFileType = text.plist.xml; path = Info.plist; sourceTree = "<group>"; };
		09FD865921352FBA00E43F02 /* MyTabAppTests.xctest */ = {isa = PBXFileReference; explicitFileType = wrapper.cfbundle; includeInIndex = 0; path = MyTabAppTests.xctest; sourceTree = BUILT_PRODUCTS_DIR; };
		09FD865D21352FBA00E43F02 /* MyTabAppTests.swift */ = {isa = PBXFileReference; lastKnownFileType = sourcecode.swift; path = MyTabAppTests.swift; sourceTree = "<group>"; };
		09FD865F21352FBA00E43F02 /* Info.plist */ = {isa = PBXFileReference; lastKnownFileType = text.plist.xml; path = Info.plist; sourceTree = "<group>"; };
		09FD866421352FBA00E43F02 /* MyTabAppUITests.xctest */ = {isa = PBXFileReference; explicitFileType = wrapper.cfbundle; includeInIndex = 0; path = MyTabAppUITests.xctest; sourceTree = BUILT_PRODUCTS_DIR; };
		09FD866821352FBA00E43F02 /* MyTabAppUITests.swift */ = {isa = PBXFileReference; lastKnownFileType = sourcecode.swift; path = MyTabAppUITests.swift; sourceTree = "<group>"; };
		09FD866A21352FBA00E43F02 /* Info.plist */ = {isa = PBXFileReference; lastKnownFileType = text.plist.xml; path = Info.plist; sourceTree = "<group>"; };
/* End PBXFileReference section */

/* Begin PBXFrameworksBuildPhase section */
		09FD864021352FB900E43F02 /* Frameworks */ = {
			isa = PBXFrameworksBuildPhase;
			buildActionMask = 2147483647;
			files = (
			);
			runOnlyForDeploymentPostprocessing = 0;
		};
		09FD865621352FBA00E43F02 /* Frameworks */ = {
			isa = PBXFrameworksBuildPhase;
			buildActionMask = 2147483647;
			files = (
			);
			runOnlyForDeploymentPostprocessing = 0;
		};
		09FD866121352FBA00E43F02 /* Frameworks */ = {
			isa = PBXFrameworksBuildPhase;
			buildActionMask = 2147483647;
			files = (
			);
			runOnlyForDeploymentPostprocessing = 0;
		};
/* End PBXFrameworksBuildPhase section */

/* Begin PBXGroup section */
		09FD863A21352FB900E43F02 = {
			isa = PBXGroup;
			children = (
				09FD864521352FB900E43F02 /* MyTabApp */,
				09FD865C21352FBA00E43F02 /* MyTabAppTests */,
				09FD866721352FBA00E43F02 /* MyTabAppUITests */,
				09FD864421352FB900E43F02 /* Products */,
			);
			sourceTree = "<group>";
		};
		09FD864421352FB900E43F02 /* Products */ = {
			isa = PBXGroup;
			children = (
				09FD864321352FB900E43F02 /* MyTabApp.app */,
				09FD865921352FBA00E43F02 /* MyTabAppTests.xctest */,
				09FD866421352FBA00E43F02 /* MyTabAppUITests.xctest */,
			);
			name = Products;
			sourceTree = "<group>";
		};
		09FD864521352FB900E43F02 /* MyTabApp */ = {
			isa = PBXGroup;
			children = (
				09FD864621352FB900E43F02 /* AppDelegate.swift */,
				09FD864821352FB900E43F02 /* FirstViewController.swift */,
				09FD864A21352FB900E43F02 /* SecondViewController.swift */,
				09FD864C21352FB900E43F02 /* Main.storyboard */,
				09FD864F21352FBA00E43F02 /* Assets.xcassets */,
				09FD865121352FBA00E43F02 /* LaunchScreen.storyboard */,
				09FD865421352FBA00E43F02 /* Info.plist */,
			);
			path = MyTabApp;
			sourceTree = "<group>";
		};
		09FD865C21352FBA00E43F02 /* MyTabAppTests */ = {
			isa = PBXGroup;
			children = (
				09FD865D21352FBA00E43F02 /* MyTabAppTests.swift */,
				09FD865F21352FBA00E43F02 /* Info.plist */,
			);
			path = MyTabAppTests;
			sourceTree = "<group>";
		};
		09FD866721352FBA00E43F02 /* MyTabAppUITests */ = {
			isa = PBXGroup;
			children = (
				09FD866821352FBA00E43F02 /* MyTabAppUITests.swift */,
				09FD866A21352FBA00E43F02 /* Info.plist */,
			);
			path = MyTabAppUITests;
			sourceTree = "<group>";
		};
/* End PBXGroup section */

/* Begin PBXNativeTarget section */
		09FD864221352FB900E43F02 /* MyTabApp */ = {
			isa = PBXNativeTarget;
			buildConfigurationList = 09FD866D21352FBB00E43F02 /* Build configuration list for PBXNativeTarget "MyTabApp" */;
			buildPhases = (
				09FD863F21352FB900E43F02 /* Sources */,
				09FD864021352FB900E43F02 /* Frameworks */,
				09FD864121352FB900E43F02 /* Resources */,
			);
			buildRules = (
			);
			dependencies = (
			);
			name = MyTabApp;
			productName = MyTabApp;
			productReference = 09FD864321352FB900E43F02 /* MyTabApp.app */;
			productType = "com.apple.product-type.application";
		};
		09FD865821352FBA00E43F02 /* MyTabAppTests */ = {
			isa = PBXNativeTarget;
			buildConfigurationList = 09FD867021352FBB00E43F02 /* Build configuration list for PBXNativeTarget "MyTabAppTests" */;
			buildPhases = (
				09FD865521352FBA00E43F02 /* Sources */,
				09FD865621352FBA00E43F02 /* Frameworks */,
				09FD865721352FBA00E43F02 /* Resources */,
			);
			buildRules = (
			);
			dependencies = (
				09FD865B21352FBA00E43F02 /* PBXTargetDependency */,
			);
			name = MyTabAppTests;
			productName = MyTabAppTests;
			productReference = 09FD865921352FBA00E43F02 /* MyTabAppTests.xctest */;
			productType = "com.apple.product-type.bundle.unit-test";
		};
		09FD866321352FBA00E43F02 /* MyTabAppUITests */ = {
			isa = PBXNativeTarget;
			buildConfigurationList = 09FD867321352FBB00E43F02 /* Build configuration list for PBXNativeTarget "MyTabAppUITests" */;
			buildPhases = (
				09FD866021352FBA00E43F02 /* Sources */,
				09FD866121352FBA00E43F02 /* Frameworks */,
				09FD866221352FBA00E43F02 /* Resources */,
			);
			buildRules = (
			);
			dependencies = (
				09FD866621352FBA00E43F02 /* PBXTargetDependency */,
			);
			name = MyTabAppUITests;
			productName = MyTabAppUITests;
			productReference = 09FD866421352FBA00E43F02 /* MyTabAppUITests.xctest */;
			productType = "com.apple.product-type.bundle.ui-testing";
		};
/* End PBXNativeTarget section */

/* Begin PBXProject section */
		09FD863B21352FB900E43F02 /* Project object */ = {
			isa = PBXProject;
			attributes = {
				LastSwiftUpdateCheck = 0940;
				LastUpgradeCheck = 0940;
				ORGANIZATIONNAME = "Saurabh Dave";
				TargetAttributes = {
					09FD864221352FB900E43F02 = {
						CreatedOnToolsVersion = 9.4.1;
					};
					09FD865821352FBA00E43F02 = {
						CreatedOnToolsVersion = 9.4.1;
						TestTargetID = 09FD864221352FB900E43F02;
					};
					09FD866321352FBA00E43F02 = {
						CreatedOnToolsVersion = 9.4.1;
						TestTargetID = 09FD864221352FB900E43F02;
					};
				};
			};
			buildConfigurationList = 09FD863E21352FB900E43F02 /* Build configuration list for PBXProject "MyTabApp" */;
			compatibilityVersion = "Xcode 9.3";
			developmentRegion = en;
			hasScannedForEncodings = 0;
			knownRegions = (
				en,
				Base,
			);
			mainGroup = 09FD863A21352FB900E43F02;
			productRefGroup = 09FD864421352FB900E43F02 /* Products */;
			projectDirPath = "";
			projectRoot = "";
			targets = (
				09FD864221352FB900E43F02 /* MyTabApp */,
				09FD865821352FBA00E43F02 /* MyTabAppTests */,
				09FD866321352FBA00E43F02 /* MyTabAppUITests */,
			);
		};
/* End PBXProject section */

/* Begin PBXResourcesBuildPhase section */
		09FD864121352FB900E43F02 /* Resources */ = {
			isa = PBXResourcesBuildPhase;
			buildActionMask = 2147483647;
			files = (
				09FD865321352FBA00E43F02 /* LaunchScreen.storyboard in Resources */,
				09FD865021352FBA00E43F02 /* Assets.xcassets in Resources */,
				09FD864E21352FB900E43F02 /* Main.storyboard in Resources */,
			);
			runOnlyForDeploymentPostprocessing = 0;
		};
		09FD865721352FBA00E43F02 /* Resources */ = {
			isa = PBXResourcesBuildPhase;
			buildActionMask = 2147483647;
			files = (
			);
			runOnlyForDeploymentPostprocessing = 0;
		};
		09FD866221352FBA00E43F02 /* Resources */ = {
			isa = PBXResourcesBuildPhase;
			buildActionMask = 2147483647;
			files = (
			);
			runOnlyForDeploymentPostprocessing = 0;
		};
/* End PBXResourcesBuildPhase section */

/* Begin PBXSourcesBuildPhase section */
		09FD863F21352FB900E43F02 /* Sources */ = {
			isa = PBXSourcesBuildPhase;
			buildActionMask = 2147483647;
			files = (
				09FD864B21352FB900E43F02 /* SecondViewController.swift in Sources */,
				09FD864721352FB900E43F02 /* AppDelegate.swift in Sources */,
				09FD864921352FB900E43F02 /* FirstViewController.swift in Sources */,
			);
			runOnlyForDeploymentPostprocessing = 0;
		};
		09FD865521352FBA00E43F02 /* Sources */ = {
			isa = PBXSourcesBuildPhase;
			buildActionMask = 2147483647;
			files = (
				09FD865E21352FBA00E43F02 /* MyTabAppTests.swift in Sources */,
			);
			runOnlyForDeploymentPostprocessing = 0;
		};
		09FD866021352FBA00E43F02 /* Sources */ = {
			isa = PBXSourcesBuildPhase;
			buildActionMask = 2147483647;
			files = (
				09FD866921352FBA00E43F02 /* MyTabAppUITests.swift in Sources */,
			);
			runOnlyForDeploymentPostprocessing = 0;
		};
/* End PBXSourcesBuildPhase section */

/* Begin PBXTargetDependency section */
		09FD865B21352FBA00E43F02 /* PBXTargetDependency */ = {
			isa = PBXTargetDependency;
			target = 09FD864221352FB900E43F02 /* MyTabApp */;
			targetProxy = 09FD865A21352FBA00E43F02 /* PBXContainerItemProxy */;
		};
		09FD866621352FBA00E43F02 /* PBXTargetDependency */ = {
			isa = PBXTargetDependency;
			target = 09FD864221352FB900E43F02 /* MyTabApp */;
			targetProxy = 09FD866521352FBA00E43F02 /* PBXContainerItemProxy */;
		};
/* End PBXTargetDependency section */

/* Begin PBXVariantGroup section */
		09FD864C21352FB900E43F02 /* Main.storyboard */ = {
			isa = PBXVariantGroup;
			children = (
				09FD864D21352FB900E43F02 /* Base */,
			);
			name = Main.storyboard;
			sourceTree = "<group>";
		};
		09FD865121352FBA00E43F02 /* LaunchScreen.storyboard */ = {
			isa = PBXVariantGroup;
			children = (
				09FD865221352FBA00E43F02 /* Base */,
			);
			name = LaunchScreen.storyboard;
			sourceTree = "<group>";
		};
/* End PBXVariantGroup section */

/* Begin XCBuildConfiguration section */
		09FD866B21352FBB00E43F02 /* Debug */ = {
			isa = XCBuildConfiguration;
			buildSettings = {
				ALWAYS_SEARCH_USER_PATHS = NO;
				CLANG_ANALYZER_NONNULL = YES;
				CLANG_ANALYZER_NUMBER_OBJECT_CONVERSION = YES_AGGRESSIVE;
				CLANG_CXX_LANGUAGE_STANDARD = "gnu++14";
				CLANG_CXX_LIBRARY = "libc++";
				CLANG_ENABLE_MODULES = YES;
				CLANG_ENABLE_OBJC_ARC = YES;
				CLANG_ENABLE_OBJC_WEAK = YES;
				CLANG_WARN_BLOCK_CAPTURE_AUTORELEASING = YES;
				CLANG_WARN_BOOL_CONVERSION = YES;
				CLANG_WARN_COMMA = YES;
				CLANG_WARN_CONSTANT_CONVERSION = YES;
				CLANG_WARN_DEPRECATED_OBJC_IMPLEMENTATIONS = YES;
				CLANG_WARN_DIRECT_OBJC_ISA_USAGE = YES_ERROR;
				CLANG_WARN_DOCUMENTATION_COMMENTS = YES;
				CLANG_WARN_EMPTY_BODY = YES;
				CLANG_WARN_ENUM_CONVERSION = YES;
				CLANG_WARN_INFINITE_RECURSION = YES;
				CLANG_WARN_INT_CONVERSION = YES;
				CLANG_WARN_NON_LITERAL_NULL_CONVERSION = YES;
				CLANG_WARN_OBJC_IMPLICIT_RETAIN_SELF = YES;
				CLANG_WARN_OBJC_LITERAL_CONVERSION = YES;
				CLANG_WARN_OBJC_ROOT_CLASS = YES_ERROR;
				CLANG_WARN_RANGE_LOOP_ANALYSIS = YES;
				CLANG_WARN_STRICT_PROTOTYPES = YES;
				CLANG_WARN_SUSPICIOUS_MOVE = YES;
				CLANG_WARN_UNGUARDED_AVAILABILITY = YES_AGGRESSIVE;
				CLANG_WARN_UNREACHABLE_CODE = YES;
				CLANG_WARN__DUPLICATE_METHOD_MATCH = YES;
				CODE_SIGN_IDENTITY = "iPhone Developer";
				COPY_PHASE_STRIP = NO;
				DEBUG_INFORMATION_FORMAT = dwarf;
				ENABLE_STRICT_OBJC_MSGSEND = YES;
				ENABLE_TESTABILITY = YES;
				GCC_C_LANGUAGE_STANDARD = gnu11;
				GCC_DYNAMIC_NO_PIC = NO;
				GCC_NO_COMMON_BLOCKS = YES;
				GCC_OPTIMIZATION_LEVEL = 0;
				GCC_PREPROCESSOR_DEFINITIONS = (
					"DEBUG=1",
					"$(inherited)",
				);
				GCC_WARN_64_TO_32_BIT_CONVERSION = YES;
				GCC_WARN_ABOUT_RETURN_TYPE = YES_ERROR;
				GCC_WARN_UNDECLARED_SELECTOR = YES;
				GCC_WARN_UNINITIALIZED_AUTOS = YES_AGGRESSIVE;
				GCC_WARN_UNUSED_FUNCTION = YES;
				GCC_WARN_UNUSED_VARIABLE = YES;
				IPHONEOS_DEPLOYMENT_TARGET = 11.4;
				MTL_ENABLE_DEBUG_INFO = YES;
				ONLY_ACTIVE_ARCH = YES;
				SDKROOT = iphoneos;
				SWIFT_ACTIVE_COMPILATION_CONDITIONS = DEBUG;
				SWIFT_OPTIMIZATION_LEVEL = "-Onone";
			};
			name = Debug;
		};
		09FD866C21352FBB00E43F02 /* Release */ = {
			isa = XCBuildConfiguration;
			buildSettings = {
				ALWAYS_SEARCH_USER_PATHS = NO;
				CLANG_ANALYZER_NONNULL = YES;
				CLANG_ANALYZER_NUMBER_OBJECT_CONVERSION = YES_AGGRESSIVE;
				CLANG_CXX_LANGUAGE_STANDARD = "gnu++14";
				CLANG_CXX_LIBRARY = "libc++";
				CLANG_ENABLE_MODULES = YES;
				CLANG_ENABLE_OBJC_ARC = YES;
				CLANG_ENABLE_OBJC_WEAK = YES;
				CLANG_WARN_BLOCK_CAPTURE_AUTORELEASING = YES;
				CLANG_WARN_BOOL_CONVERSION = YES;
				CLANG_WARN_COMMA = YES;
				CLANG_WARN_CONSTANT_CONVERSION = YES;
				CLANG_WARN_DEPRECATED_OBJC_IMPLEMENTATIONS = YES;
				CLANG_WARN_DIRECT_OBJC_ISA_USAGE = YES_ERROR;
				CLANG_WARN_DOCUMENTATION_COMMENTS = YES;
				CLANG_WARN_EMPTY_BODY = YES;
				CLANG_WARN_ENUM_CONVERSION = YES;
				CLANG_WARN_INFINITE_RECURSION = YES;
				CLANG_WARN_INT_CONVERSION = YES;
				CLANG_WARN_NON_LITERAL_NULL_CONVERSION = YES;
				CLANG_WARN_OBJC_IMPLICIT_RETAIN_SELF = YES;
				CLANG_WARN_OBJC_LITERAL_CONVERSION = YES;
				CLANG_WARN_OBJC_ROOT_CLASS = YES_ERROR;
				CLANG_WARN_RANGE_LOOP_ANALYSIS = YES;
				CLANG_WARN_STRICT_PROTOTYPES = YES;
				CLANG_WARN_SUSPICIOUS_MOVE = YES;
				CLANG_WARN_UNGUARDED_AVAILABILITY = YES_AGGRESSIVE;
				CLANG_WARN_UNREACHABLE_CODE = YES;
				CLANG_WARN__DUPLICATE_METHOD_MATCH = YES;
				CODE_SIGN_IDENTITY = "iPhone Developer";
				COPY_PHASE_STRIP = NO;
				DEBUG_INFORMATION_FORMAT = "dwarf-with-dsym";
				ENABLE_NS_ASSERTIONS = NO;
				ENABLE_STRICT_OBJC_MSGSEND = YES;
				GCC_C_LANGUAGE_STANDARD = gnu11;
				GCC_NO_COMMON_BLOCKS = YES;
				GCC_WARN_64_TO_32_BIT_CONVERSION = YES;
				GCC_WARN_ABOUT_RETURN_TYPE = YES_ERROR;
				GCC_WARN_UNDECLARED_SELECTOR = YES;
				GCC_WARN_UNINITIALIZED_AUTOS = YES_AGGRESSIVE;
				GCC_WARN_UNUSED_FUNCTION = YES;
				GCC_WARN_UNUSED_VARIABLE = YES;
				IPHONEOS_DEPLOYMENT_TARGET = 11.4;
				MTL_ENABLE_DEBUG_INFO = NO;
				SDKROOT = iphoneos;
				SWIFT_COMPILATION_MODE = wholemodule;
				SWIFT_OPTIMIZATION_LEVEL = "-O";
				VALIDATE_PRODUCT = YES;
			};
			name = Release;
		};
		09FD866E21352FBB00E43F02 /* Debug */ = {
			isa = XCBuildConfiguration;
			buildSettings = {
				ASSETCATALOG_COMPILER_APPICON_NAME = AppIcon;
				CODE_SIGN_STYLE = Automatic;
				INFOPLIST_FILE = MyTabApp/Info.plist;
				LD_RUNPATH_SEARCH_PATHS = (
					"$(inherited)",
					"@executable_path/Frameworks",
				);
				PRODUCT_BUNDLE_IDENTIFIER = orbcomm.MyTabApp;
				PRODUCT_NAME = "$(TARGET_NAME)";
				SWIFT_VERSION = 4.0;
				TARGETED_DEVICE_FAMILY = "1,2";
			};
			name = Debug;
		};
		09FD866F21352FBB00E43F02 /* Release */ = {
			isa = XCBuildConfiguration;
			buildSettings = {
				ASSETCATALOG_COMPILER_APPICON_NAME = AppIcon;
				CODE_SIGN_STYLE = Automatic;
				INFOPLIST_FILE = MyTabApp/Info.plist;
				LD_RUNPATH_SEARCH_PATHS = (
					"$(inherited)",
					"@executable_path/Frameworks",
				);
				PRODUCT_BUNDLE_IDENTIFIER = orbcomm.MyTabApp;
				PRODUCT_NAME = "$(TARGET_NAME)";
				SWIFT_VERSION = 4.0;
				TARGETED_DEVICE_FAMILY = "1,2";
			};
			name = Release;
		};
		09FD867121352FBB00E43F02 /* Debug */ = {
			isa = XCBuildConfiguration;
			buildSettings = {
				ALWAYS_EMBED_SWIFT_STANDARD_LIBRARIES = YES;
				BUNDLE_LOADER = "$(TEST_HOST)";
				CODE_SIGN_STYLE = Automatic;
				INFOPLIST_FILE = MyTabAppTests/Info.plist;
				LD_RUNPATH_SEARCH_PATHS = (
					"$(inherited)",
					"@executable_path/Frameworks",
					"@loader_path/Frameworks",
				);
				PRODUCT_BUNDLE_IDENTIFIER = orbcomm.MyTabAppTests;
				PRODUCT_NAME = "$(TARGET_NAME)";
				SWIFT_VERSION = 4.0;
				TARGETED_DEVICE_FAMILY = "1,2";
				TEST_HOST = "$(BUILT_PRODUCTS_DIR)/MyTabApp.app/MyTabApp";
			};
			name = Debug;
		};
		09FD867221352FBB00E43F02 /* Release */ = {
			isa = XCBuildConfiguration;
			buildSettings = {
				ALWAYS_EMBED_SWIFT_STANDARD_LIBRARIES = YES;
				BUNDLE_LOADER = "$(TEST_HOST)";
				CODE_SIGN_STYLE = Automatic;
				INFOPLIST_FILE = MyTabAppTests/Info.plist;
				LD_RUNPATH_SEARCH_PATHS = (
					"$(inherited)",
					"@executable_path/Frameworks",
					"@loader_path/Frameworks",
				);
				PRODUCT_BUNDLE_IDENTIFIER = orbcomm.MyTabAppTests;
				PRODUCT_NAME = "$(TARGET_NAME)";
				SWIFT_VERSION = 4.0;
				TARGETED_DEVICE_FAMILY = "1,2";
				TEST_HOST = "$(BUILT_PRODUCTS_DIR)/MyTabApp.app/MyTabApp";
			};
			name = Release;
		};
		09FD867421352FBB00E43F02 /* Debug */ = {
			isa = XCBuildConfiguration;
			buildSettings = {
				ALWAYS_EMBED_SWIFT_STANDARD_LIBRARIES = YES;
				CODE_SIGN_STYLE = Automatic;
				INFOPLIST_FILE = MyTabAppUITests/Info.plist;
				LD_RUNPATH_SEARCH_PATHS = (
					"$(inherited)",
					"@executable_path/Frameworks",
					"@loader_path/Frameworks",
				);
				PRODUCT_BUNDLE_IDENTIFIER = orbcomm.MyTabAppUITests;
				PRODUCT_NAME = "$(TARGET_NAME)";
				SWIFT_VERSION = 4.0;
				TARGETED_DEVICE_FAMILY = "1,2";
				TEST_TARGET_NAME = MyTabApp;
			};
			name = Debug;
		};
		09FD867521352FBB00E43F02 /* Release */ = {
			isa = XCBuildConfiguration;
			buildSettings = {
				ALWAYS_EMBED_SWIFT_STANDARD_LIBRARIES = YES;
				CODE_SIGN_STYLE = Automatic;
				INFOPLIST_FILE = MyTabAppUITests/Info.plist;
				LD_RUNPATH_SEARCH_PATHS = (
					"$(inherited)",
					"@executable_path/Frameworks",
					"@loader_path/Frameworks",
				);
				PRODUCT_BUNDLE_IDENTIFIER = orbcomm.MyTabAppUITests;
				PRODUCT_NAME = "$(TARGET_NAME)";
				SWIFT_VERSION = 4.0;
				TARGETED_DEVICE_FAMILY = "1,2";
				TEST_TARGET_NAME = MyTabApp;
			};
			name = Release;
		};
/* End XCBuildConfiguration section */

/* Begin XCConfigurationList section */
		09FD863E21352FB900E43F02 /* Build configuration list for PBXProject "MyTabApp" */ = {
			isa = XCConfigurationList;
			buildConfigurations = (
				09FD866B21352FBB00E43F02 /* Debug */,
				09FD866C21352FBB00E43F02 /* Release */,
			);
			defaultConfigurationIsVisible = 0;
			defaultConfigurationName = Release;
		};
		09FD866D21352FBB00E43F02 /* Build configuration list for PBXNativeTarget "MyTabApp" */ = {
			isa = XCConfigurationList;
			buildConfigurations = (
				09FD866E21352FBB00E43F02 /* Debug */,
				09FD866F21352FBB00E43F02 /* Release */,
			);
			defaultConfigurationIsVisible = 0;
			defaultConfigurationName = Release;
		};
		09FD867021352FBB00E43F02 /* Build configuration list for PBXNativeTarget "MyTabAppTests" */ = {
			isa = XCConfigurationList;
			buildConfigurations = (
				09FD867121352FBB00E43F02 /* Debug */,
				09FD867221352FBB00E43F02 /* Release */,
			);
			defaultConfigurationIsVisible = 0;
			defaultConfigurationName = Release;
		};
		09FD867321352FBB00E43F02 /* Build configuration list for PBXNativeTarget "MyTabAppUITests" */ = {
			isa = XCConfigurationList;
			buildConfigurations = (
				09FD867421352FBB00E43F02 /* Debug */,
				09FD867521352FBB00E43F02 /* Release */,
			);
			defaultConfigurationIsVisible = 0;
			defaultConfigurationName = Release;
		};
/* End XCConfigurationList section */
	};
	rootObject = 09FD863B21352FB900E43F02 /* Project object */;
}
